// !$*UTF8*$!
{
	archiveVersion = 1;
	classes = {
	};
	objectVersion = 46;
	objects = {

/* Begin PBXBuildFile section */
		E40FF517198F2E4A00BB5B4D /* Foundation.framework in Frameworks */ = {isa = PBXBuildFile; fileRef = E40FF516198F2E4A00BB5B4D /* Foundation.framework */; };
		E40FF519198F2E4A00BB5B4D /* CoreGraphics.framework in Frameworks */ = {isa = PBXBuildFile; fileRef = E40FF518198F2E4A00BB5B4D /* CoreGraphics.framework */; };
		E40FF51B198F2E4A00BB5B4D /* UIKit.framework in Frameworks */ = {isa = PBXBuildFile; fileRef = E40FF51A198F2E4A00BB5B4D /* UIKit.framework */; };
		E40FF521198F2E4A00BB5B4D /* InfoPlist.strings in Resources */ = {isa = PBXBuildFile; fileRef = E40FF51F198F2E4A00BB5B4D /* InfoPlist.strings */; };
		E40FF523198F2E4A00BB5B4D /* main.m in Sources */ = {isa = PBXBuildFile; fileRef = E40FF522198F2E4A00BB5B4D /* main.m */; };
		E40FF527198F2E4A00BB5B4D /* PMAppDelegate.m in Sources */ = {isa = PBXBuildFile; fileRef = E40FF526198F2E4A00BB5B4D /* PMAppDelegate.m */; };
		E40FF52A198F2E4A00BB5B4D /* Main.storyboard in Resources */ = {isa = PBXBuildFile; fileRef = E40FF528198F2E4A00BB5B4D /* Main.storyboard */; };
		E40FF52D198F2E4A00BB5B4D /* PMViewController.m in Sources */ = {isa = PBXBuildFile; fileRef = E40FF52C198F2E4A00BB5B4D /* PMViewController.m */; };
		E40FF52F198F2E4A00BB5B4D /* Images.xcassets in Resources */ = {isa = PBXBuildFile; fileRef = E40FF52E198F2E4A00BB5B4D /* Images.xcassets */; };
		E40FF536198F2E4A00BB5B4D /* XCTest.framework in Frameworks */ = {isa = PBXBuildFile; fileRef = E40FF535198F2E4A00BB5B4D /* XCTest.framework */; };
		E40FF537198F2E4A00BB5B4D /* Foundation.framework in Frameworks */ = {isa = PBXBuildFile; fileRef = E40FF516198F2E4A00BB5B4D /* Foundation.framework */; };
		E40FF538198F2E4A00BB5B4D /* UIKit.framework in Frameworks */ = {isa = PBXBuildFile; fileRef = E40FF51A198F2E4A00BB5B4D /* UIKit.framework */; };
		E40FF540198F2E4A00BB5B4D /* InfoPlist.strings in Resources */ = {isa = PBXBuildFile; fileRef = E40FF53E198F2E4A00BB5B4D /* InfoPlist.strings */; };
		E40FF542198F2E4A00BB5B4D /* UITableViewController_Challenge_SolutionTests.m in Sources */ = {isa = PBXBuildFile; fileRef = E40FF541198F2E4A00BB5B4D /* UITableViewController_Challenge_SolutionTests.m */; };
/* End PBXBuildFile section */

/* Begin PBXContainerItemProxy section */
		E40FF539198F2E4A00BB5B4D /* PBXContainerItemProxy */ = {
			isa = PBXContainerItemProxy;
			containerPortal = E40FF50B198F2E4A00BB5B4D /* Project object */;
			proxyType = 1;
			remoteGlobalIDString = E40FF512198F2E4A00BB5B4D;
			remoteInfo = "UITableViewController Challenge Solution";
		};
/* End PBXContainerItemProxy section */

/* Begin PBXFileReference section */
		E40FF513198F2E4A00BB5B4D /* UITableViewController Challenge Solution.app */ = {isa = PBXFileReference; explicitFileType = wrapper.application; includeInIndex = 0; path = "UITableViewController Challenge Solution.app"; sourceTree = BUILT_PRODUCTS_DIR; };
		E40FF516198F2E4A00BB5B4D /* Foundation.framework */ = {isa = PBXFileReference; lastKnownFileType = wrapper.framework; name = Foundation.framework; path = System/Library/Frameworks/Foundation.framework; sourceTree = SDKROOT; };
		E40FF518198F2E4A00BB5B4D /* CoreGraphics.framework */ = {isa = PBXFileReference; lastKnownFileType = wrapper.framework; name = CoreGraphics.framework; path = System/Library/Frameworks/CoreGraphics.framework; sourceTree = SDKROOT; };
		E40FF51A198F2E4A00BB5B4D /* UIKit.framework */ = {isa = PBXFileReference; lastKnownFileType = wrapper.framework; name = UIKit.framework; path = System/Library/Frameworks/UIKit.framework; sourceTree = SDKROOT; };
		E40FF51E198F2E4A00BB5B4D /* UITableViewController Challenge Solution-Info.plist */ = {isa = PBXFileReference; lastKnownFileType = text.plist.xml; path = "UITableViewController Challenge Solution-Info.plist"; sourceTree = "<group>"; };
		E40FF520198F2E4A00BB5B4D /* en */ = {isa = PBXFileReference; lastKnownFileType = text.plist.strings; name = en; path = en.lproj/InfoPlist.strings; sourceTree = "<group>"; };
		E40FF522198F2E4A00BB5B4D /* main.m */ = {isa = PBXFileReference; lastKnownFileType = sourcecode.c.objc; path = main.m; sourceTree = "<group>"; };
		E40FF524198F2E4A00BB5B4D /* UITableViewController Challenge Solution-Prefix.pch */ = {isa = PBXFileReference; lastKnownFileType = sourcecode.c.h; path = "UITableViewController Challenge Solution-Prefix.pch"; sourceTree = "<group>"; };
		E40FF525198F2E4A00BB5B4D /* PMAppDelegate.h */ = {isa = PBXFileReference; lastKnownFileType = sourcecode.c.h; path = PMAppDelegate.h; sourceTree = "<group>"; };
		E40FF526198F2E4A00BB5B4D /* PMAppDelegate.m */ = {isa = PBXFileReference; lastKnownFileType = sourcecode.c.objc; path = PMAppDelegate.m; sourceTree = "<group>"; };
		E40FF529198F2E4A00BB5B4D /* Base */ = {isa = PBXFileReference; lastKnownFileType = file.storyboard; name = Base; path = Base.lproj/Main.storyboard; sourceTree = "<group>"; };
		E40FF52B198F2E4A00BB5B4D /* PMViewController.h */ = {isa = PBXFileReference; lastKnownFileType = sourcecode.c.h; path = PMViewController.h; sourceTree = "<group>"; };
		E40FF52C198F2E4A00BB5B4D /* PMViewController.m */ = {isa = PBXFileReference; lastKnownFileType = sourcecode.c.objc; path = PMViewController.m; sourceTree = "<group>"; };
		E40FF52E198F2E4A00BB5B4D /* Images.xcassets */ = {isa = PBXFileReference; lastKnownFileType = folder.assetcatalog; path = Images.xcassets; sourceTree = "<group>"; };
		E40FF534198F2E4A00BB5B4D /* UITableViewController Challenge SolutionTests.xctest */ = {isa = PBXFileReference; explicitFileType = wrapper.cfbundle; includeInIndex = 0; path = "UITableViewController Challenge SolutionTests.xctest"; sourceTree = BUILT_PRODUCTS_DIR; };
		E40FF535198F2E4A00BB5B4D /* XCTest.framework */ = {isa = PBXFileReference; lastKnownFileType = wrapper.framework; name = XCTest.framework; path = Library/Frameworks/XCTest.framework; sourceTree = DEVELOPER_DIR; };
		E40FF53D198F2E4A00BB5B4D /* UITableViewController Challenge SolutionTests-Info.plist */ = {isa = PBXFileReference; lastKnownFileType = text.plist.xml; path = "UITableViewController Challenge SolutionTests-Info.plist"; sourceTree = "<group>"; };
		E40FF53F198F2E4A00BB5B4D /* en */ = {isa = PBXFileReference; lastKnownFileType = text.plist.strings; name = en; path = en.lproj/InfoPlist.strings; sourceTree = "<group>"; };
		E40FF541198F2E4A00BB5B4D /* UITableViewController_Challenge_SolutionTests.m */ = {isa = PBXFileReference; lastKnownFileType = sourcecode.c.objc; path = UITableViewController_Challenge_SolutionTests.m; sourceTree = "<group>"; };
/* End PBXFileReference section */

/* Begin PBXFrameworksBuildPhase section */
		E40FF510198F2E4A00BB5B4D /* Frameworks */ = {
			isa = PBXFrameworksBuildPhase;
			buildActionMask = 2147483647;
			files = (
				E40FF519198F2E4A00BB5B4D /* CoreGraphics.framework in Frameworks */,
				E40FF51B198F2E4A00BB5B4D /* UIKit.framework in Frameworks */,
				E40FF517198F2E4A00BB5B4D /* Foundation.framework in Frameworks */,
			);
			runOnlyForDeploymentPostprocessing = 0;
		};
		E40FF531198F2E4A00BB5B4D /* Frameworks */ = {
			isa = PBXFrameworksBuildPhase;
			buildActionMask = 2147483647;
			files = (
				E40FF536198F2E4A00BB5B4D /* XCTest.framework in Frameworks */,
				E40FF538198F2E4A00BB5B4D /* UIKit.framework in Frameworks */,
				E40FF537198F2E4A00BB5B4D /* Foundation.framework in Frameworks */,
			);
			runOnlyForDeploymentPostprocessing = 0;
		};
/* End PBXFrameworksBuildPhase section */

/* Begin PBXGroup section */
		E40FF50A198F2E4A00BB5B4D = {
			isa = PBXGroup;
			children = (
				E40FF51C198F2E4A00BB5B4D /* UITableViewController Challenge Solution */,
				E40FF53B198F2E4A00BB5B4D /* UITableViewController Challenge SolutionTests */,
				E40FF515198F2E4A00BB5B4D /* Frameworks */,
				E40FF514198F2E4A00BB5B4D /* Products */,
			);
			sourceTree = "<group>";
		};
		E40FF514198F2E4A00BB5B4D /* Products */ = {
			isa = PBXGroup;
			children = (
				E40FF513198F2E4A00BB5B4D /* UITableViewController Challenge Solution.app */,
				E40FF534198F2E4A00BB5B4D /* UITableViewController Challenge SolutionTests.xctest */,
			);
			name = Products;
			sourceTree = "<group>";
		};
		E40FF515198F2E4A00BB5B4D /* Frameworks */ = {
			isa = PBXGroup;
			children = (
				E40FF516198F2E4A00BB5B4D /* Foundation.framework */,
				E40FF518198F2E4A00BB5B4D /* CoreGraphics.framework */,
				E40FF51A198F2E4A00BB5B4D /* UIKit.framework */,
				E40FF535198F2E4A00BB5B4D /* XCTest.framework */,
			);
			name = Frameworks;
			sourceTree = "<group>";
		};
		E40FF51C198F2E4A00BB5B4D /* UITableViewController Challenge Solution */ = {
			isa = PBXGroup;
			children = (
				E40FF525198F2E4A00BB5B4D /* PMAppDelegate.h */,
				E40FF526198F2E4A00BB5B4D /* PMAppDelegate.m */,
				E40FF528198F2E4A00BB5B4D /* Main.storyboard */,
				E40FF52B198F2E4A00BB5B4D /* PMViewController.h */,
				E40FF52C198F2E4A00BB5B4D /* PMViewController.m */,
				E40FF52E198F2E4A00BB5B4D /* Images.xcassets */,
				E40FF51D198F2E4A00BB5B4D /* Supporting Files */,
			);
			path = "UITableViewController Challenge Solution";
			sourceTree = "<group>";
		};
		E40FF51D198F2E4A00BB5B4D /* Supporting Files */ = {
			isa = PBXGroup;
			children = (
				E40FF51E198F2E4A00BB5B4D /* UITableViewController Challenge Solution-Info.plist */,
				E40FF51F198F2E4A00BB5B4D /* InfoPlist.strings */,
				E40FF522198F2E4A00BB5B4D /* main.m */,
				E40FF524198F2E4A00BB5B4D /* UITableViewController Challenge Solution-Prefix.pch */,
			);
			name = "Supporting Files";
			sourceTree = "<group>";
		};
		E40FF53B198F2E4A00BB5B4D /* UITableViewController Challenge SolutionTests */ = {
			isa = PBXGroup;
			children = (
				E40FF541198F2E4A00BB5B4D /* UITableViewController_Challenge_SolutionTests.m */,
				E40FF53C198F2E4A00BB5B4D /* Supporting Files */,
			);
			path = "UITableViewController Challenge SolutionTests";
			sourceTree = "<group>";
		};
		E40FF53C198F2E4A00BB5B4D /* Supporting Files */ = {
			isa = PBXGroup;
			children = (
				E40FF53D198F2E4A00BB5B4D /* UITableViewController Challenge SolutionTests-Info.plist */,
				E40FF53E198F2E4A00BB5B4D /* InfoPlist.strings */,
			);
			name = "Supporting Files";
			sourceTree = "<group>";
		};
/* End PBXGroup section */

/* Begin PBXNativeTarget section */
		E40FF512198F2E4A00BB5B4D /* UITableViewController Challenge Solution */ = {
			isa = PBXNativeTarget;
			buildConfigurationList = E40FF545198F2E4A00BB5B4D /* Build configuration list for PBXNativeTarget "UITableViewController Challenge Solution" */;
			buildPhases = (
				E40FF50F198F2E4A00BB5B4D /* Sources */,
				E40FF510198F2E4A00BB5B4D /* Frameworks */,
				E40FF511198F2E4A00BB5B4D /* Resources */,
			);
			buildRules = (
			);
			dependencies = (
			);
			name = "UITableViewController Challenge Solution";
			productName = "UITableViewController Challenge Solution";
			productReference = E40FF513198F2E4A00BB5B4D /* UITableViewController Challenge Solution.app */;
			productType = "com.apple.product-type.application";
		};
		E40FF533198F2E4A00BB5B4D /* UITableViewController Challenge SolutionTests */ = {
			isa = PBXNativeTarget;
			buildConfigurationList = E40FF548198F2E4A00BB5B4D /* Build configuration list for PBXNativeTarget "UITableViewController Challenge SolutionTests" */;
			buildPhases = (
				E40FF530198F2E4A00BB5B4D /* Sources */,
				E40FF531198F2E4A00BB5B4D /* Frameworks */,
				E40FF532198F2E4A00BB5B4D /* Resources */,
			);
			buildRules = (
			);
			dependencies = (
				E40FF53A198F2E4A00BB5B4D /* PBXTargetDependency */,
			);
			name = "UITableViewController Challenge SolutionTests";
			productName = "UITableViewController Challenge SolutionTests";
			productReference = E40FF534198F2E4A00BB5B4D /* UITableViewController Challenge SolutionTests.xctest */;
			productType = "com.apple.product-type.bundle.unit-test";
		};
/* End PBXNativeTarget section */

/* Begin PBXProject section */
		E40FF50B198F2E4A00BB5B4D /* Project object */ = {
			isa = PBXProject;
			attributes = {
				CLASSPREFIX = PM;
				LastUpgradeCheck = 0510;
				ORGANIZATIONNAME = "Primal Marketing LLC";
				TargetAttributes = {
					E40FF533198F2E4A00BB5B4D = {
						TestTargetID = E40FF512198F2E4A00BB5B4D;
					};
				};
			};
			buildConfigurationList = E40FF50E198F2E4A00BB5B4D /* Build configuration list for PBXProject "UITableViewController Challenge Solution" */;
			compatibilityVersion = "Xcode 3.2";
			developmentRegion = English;
			hasScannedForEncodings = 0;
			knownRegions = (
				en,
				Base,
			);
			mainGroup = E40FF50A198F2E4A00BB5B4D;
			productRefGroup = E40FF514198F2E4A00BB5B4D /* Products */;
			projectDirPath = "";
			projectRoot = "";
			targets = (
				E40FF512198F2E4A00BB5B4D /* UITableViewController Challenge Solution */,
				E40FF533198F2E4A00BB5B4D /* UITableViewController Challenge SolutionTests */,
			);
		};
/* End PBXProject section */

/* Begin PBXResourcesBuildPhase section */
		E40FF511198F2E4A00BB5B4D /* Resources */ = {
			isa = PBXResourcesBuildPhase;
			buildActionMask = 2147483647;
			files = (
				E40FF52F198F2E4A00BB5B4D /* Images.xcassets in Resources */,
				E40FF521198F2E4A00BB5B4D /* InfoPlist.strings in Resources */,
				E40FF52A198F2E4A00BB5B4D /* Main.storyboard in Resources */,
			);
			runOnlyForDeploymentPostprocessing = 0;
		};
		E40FF532198F2E4A00BB5B4D /* Resources */ = {
			isa = PBXResourcesBuildPhase;
			buildActionMask = 2147483647;
			files = (
				E40FF540198F2E4A00BB5B4D /* InfoPlist.strings in Resources */,
			);
			runOnlyForDeploymentPostprocessing = 0;
		};
/* End PBXResourcesBuildPhase section */

/* Begin PBXSourcesBuildPhase section */
		E40FF50F198F2E4A00BB5B4D /* Sources */ = {
			isa = PBXSourcesBuildPhase;
			buildActionMask = 2147483647;
			files = (
				E40FF523198F2E4A00BB5B4D /* main.m in Sources */,
				E40FF52D198F2E4A00BB5B4D /* PMViewController.m in Sources */,
				E40FF527198F2E4A00BB5B4D /* PMAppDelegate.m in Sources */,
			);
			runOnlyForDeploymentPostprocessing = 0;
		};
		E40FF530198F2E4A00BB5B4D /* Sources */ = {
			isa = PBXSourcesBuildPhase;
			buildActionMask = 2147483647;
			files = (
				E40FF542198F2E4A00BB5B4D /* UITableViewController_Challenge_SolutionTests.m in Sources */,
			);
			runOnlyForDeploymentPostprocessing = 0;
		};
/* End PBXSourcesBuildPhase section */

/* Begin PBXTargetDependency section */
		E40FF53A198F2E4A00BB5B4D /* PBXTargetDependency */ = {
			isa = PBXTargetDependency;
			target = E40FF512198F2E4A00BB5B4D /* UITableViewController Challenge Solution */;
			targetProxy = E40FF539198F2E4A00BB5B4D /* PBXContainerItemProxy */;
		};
/* End PBXTargetDependency section */

/* Begin PBXVariantGroup section */
		E40FF51F198F2E4A00BB5B4D /* InfoPlist.strings */ = {
			isa = PBXVariantGroup;
			children = (
				E40FF520198F2E4A00BB5B4D /* en */,
			);
			name = InfoPlist.strings;
			sourceTree = "<group>";
		};
		E40FF528198F2E4A00BB5B4D /* Main.storyboard */ = {
			isa = PBXVariantGroup;
			children = (
				E40FF529198F2E4A00BB5B4D /* Base */,
			);
			name = Main.storyboard;
			sourceTree = "<group>";
		};
		E40FF53E198F2E4A00BB5B4D /* InfoPlist.strings */ = {
			isa = PBXVariantGroup;
			children = (
				E40FF53F198F2E4A00BB5B4D /* en */,
			);
			name = InfoPlist.strings;
			sourceTree = "<group>";
		};
/* End PBXVariantGroup section */

/* Begin XCBuildConfiguration section */
		E40FF543198F2E4A00BB5B4D /* Debug */ = {
			isa = XCBuildConfiguration;
			buildSettings = {
				ALWAYS_SEARCH_USER_PATHS = NO;
				CLANG_CXX_LANGUAGE_STANDARD = "gnu++0x";
				CLANG_CXX_LIBRARY = "libc++";
				CLANG_ENABLE_MODULES = YES;
				CLANG_ENABLE_OBJC_ARC = YES;
				CLANG_WARN_BOOL_CONVERSION = YES;
				CLANG_WARN_CONSTANT_CONVERSION = YES;
				CLANG_WARN_DIRECT_OBJC_ISA_USAGE = YES_ERROR;
				CLANG_WARN_EMPTY_BODY = YES;
				CLANG_WARN_ENUM_CONVERSION = YES;
				CLANG_WARN_INT_CONVERSION = YES;
				CLANG_WARN_OBJC_ROOT_CLASS = YES_ERROR;
				CLANG_WARN__DUPLICATE_METHOD_MATCH = YES;
				"CODE_SIGN_IDENTITY[sdk=iphoneos*]" = "iPhone Developer";
				COPY_PHASE_STRIP = NO;
				GCC_C_LANGUAGE_STANDARD = gnu99;
				GCC_DYNAMIC_NO_PIC = NO;
				GCC_OPTIMIZATION_LEVEL = 0;
				GCC_PREPROCESSOR_DEFINITIONS = (
					"DEBUG=1",
					"$(inherited)",
				);
				GCC_SYMBOLS_PRIVATE_EXTERN = NO;
				GCC_WARN_64_TO_32_BIT_CONVERSION = YES;
				GCC_WARN_ABOUT_RETURN_TYPE = YES_ERROR;
				GCC_WARN_UNDECLARED_SELECTOR = YES;
				GCC_WARN_UNINITIALIZED_AUTOS = YES_AGGRESSIVE;
				GCC_WARN_UNUSED_FUNCTION = YES;
				GCC_WARN_UNUSED_VARIABLE = YES;
				IPHONEOS_DEPLOYMENT_TARGET = 7.1;
				ONLY_ACTIVE_ARCH = YES;
				SDKROOT = iphoneos;
			};
			name = Debug;
		};
		E40FF544198F2E4A00BB5B4D /* Release */ = {
			isa = XCBuildConfiguration;
			buildSettings = {
				ALWAYS_SEARCH_USER_PATHS = NO;
				CLANG_CXX_LANGUAGE_STANDARD = "gnu++0x";
				CLANG_CXX_LIBRARY = "libc++";
				CLANG_ENABLE_MODULES = YES;
				CLANG_ENABLE_OBJC_ARC = YES;
				CLANG_WARN_BOOL_CONVERSION = YES;
				CLANG_WARN_CONSTANT_CONVERSION = YES;
				CLANG_WARN_DIRECT_OBJC_ISA_USAGE = YES_ERROR;
				CLANG_WARN_EMPTY_BODY = YES;
				CLANG_WARN_ENUM_CONVERSION = YES;
				CLANG_WARN_INT_CONVERSION = YES;
				CLANG_WARN_OBJC_ROOT_CLASS = YES_ERROR;
				CLANG_WARN__DUPLICATE_METHOD_MATCH = YES;
				"CODE_SIGN_IDENTITY[sdk=iphoneos*]" = "iPhone Developer";
				COPY_PHASE_STRIP = YES;
				ENABLE_NS_ASSERTIONS = NO;
				GCC_C_LANGUAGE_STANDARD = gnu99;
				GCC_WARN_64_TO_32_BIT_CONVERSION = YES;
				GCC_WARN_ABOUT_RETURN_TYPE = YES_ERROR;
				GCC_WARN_UNDECLARED_SELECTOR = YES;
				GCC_WARN_UNINITIALIZED_AUTOS = YES_AGGRESSIVE;
				GCC_WARN_UNUSED_FUNCTION = YES;
				GCC_WARN_UNUSED_VARIABLE = YES;
				IPHONEOS_DEPLOYMENT_TARGET = 7.1;
				SDKROOT = iphoneos;
				VALIDATE_PRODUCT = YES;
			};
			name = Release;
		};
		E40FF546198F2E4A00BB5B4D /* Debug */ = {
			isa = XCBuildConfiguration;
			buildSettings = {
				ASSETCATALOG_COMPILER_APPICON_NAME = AppIcon;
				ASSETCATALOG_COMPILER_LAUNCHIMAGE_NAME = LaunchImage;
				GCC_PRECOMPILE_PREFIX_HEADER = YES;
				GCC_PREFIX_HEADER = "UITableViewController Challenge Solution/UITableViewController Challenge Solution-Prefix.pch";
				INFOPLIST_FILE = "UITableViewController Challenge Solution/UITableViewController Challenge Solution-Info.plist";
				PRODUCT_NAME = "$(TARGET_NAME)";
				WRAPPER_EXTENSION = app;
			};
			name = Debug;
		};
		E40FF547198F2E4A00BB5B4D /* Release */ = {
			isa = XCBuildConfiguration;
			buildSettings = {
				ASSETCATALOG_COMPILER_APPICON_NAME = AppIcon;
				ASSETCATALOG_COMPILER_LAUNCHIMAGE_NAME = LaunchImage;
				GCC_PRECOMPILE_PREFIX_HEADER = YES;
				GCC_PREFIX_HEADER = "UITableViewController Challenge Solution/UITableViewController Challenge Solution-Prefix.pch";
				INFOPLIST_FILE = "UITableViewController Challenge Solution/UITableViewController Challenge Solution-Info.plist";
				PRODUCT_NAME = "$(TARGET_NAME)";
				WRAPPER_EXTENSION = app;
			};
			name = Release;
		};
		E40FF549198F2E4A00BB5B4D /* Debug */ = {
			isa = XCBuildConfiguration;
			buildSettings = {
				BUNDLE_LOADER = "$(BUILT_PRODUCTS_DIR)/UITableViewController Challenge Solution.app/UITableViewController Challenge Solution";
				FRAMEWORK_SEARCH_PATHS = (
					"$(SDKROOT)/Developer/Library/Frameworks",
					"$(inherited)",
					"$(DEVELOPER_FRAMEWORKS_DIR)",
				);
				GCC_PRECOMPILE_PREFIX_HEADER = YES;
				GCC_PREFIX_HEADER = "UITableViewController Challenge Solution/UITableViewController Challenge Solution-Prefix.pch";
				GCC_PREPROCESSOR_DEFINITIONS = (
					"DEBUG=1",
					"$(inherited)",
				);
				INFOPLIST_FILE = "UITableViewController Challenge SolutionTests/UITableViewController Challenge SolutionTests-Info.plist";
				PRODUCT_NAME = "$(TARGET_NAME)";
				TEST_HOST = "$(BUNDLE_LOADER)";
				WRAPPER_EXTENSION = xctest;
			};
			name = Debug;
		};
		E40FF54A198F2E4A00BB5B4D /* Release */ = {
			isa = XCBuildConfiguration;
			buildSettings = {
				BUNDLE_LOADER = "$(BUILT_PRODUCTS_DIR)/UITableViewController Challenge Solution.app/UITableViewController Challenge Solution";
				FRAMEWORK_SEARCH_PATHS = (
					"$(SDKROOT)/Developer/Library/Frameworks",
					"$(inherited)",
					"$(DEVELOPER_FRAMEWORKS_DIR)",
				);
				GCC_PRECOMPILE_PREFIX_HEADER = YES;
				GCC_PREFIX_HEADER = "UITableViewController Challenge Solution/UITableViewController Challenge Solution-Prefix.pch";
				INFOPLIST_FILE = "UITableViewController Challenge SolutionTests/UITableViewController Challenge SolutionTests-Info.plist";
				PRODUCT_NAME = "$(TARGET_NAME)";
				TEST_HOST = "$(BUNDLE_LOADER)";
				WRAPPER_EXTENSION = xctest;
			};
			name = Release;
		};
/* End XCBuildConfiguration section */

/* Begin XCConfigurationList section */
		E40FF50E198F2E4A00BB5B4D /* Build configuration list for PBXProject "UITableViewController Challenge Solution" */ = {
			isa = XCConfigurationList;
			buildConfigurations = (
				E40FF543198F2E4A00BB5B4D /* Debug */,
				E40FF544198F2E4A00BB5B4D /* Release */,
			);
			defaultConfigurationIsVisible = 0;
			defaultConfigurationName = Release;
		};
		E40FF545198F2E4A00BB5B4D /* Build configuration list for PBXNativeTarget "UITableViewController Challenge Solution" */ = {
			isa = XCConfigurationList;
			buildConfigurations = (
				E40FF546198F2E4A00BB5B4D /* Debug */,
				E40FF547198F2E4A00BB5B4D /* Release */,
			);
			defaultConfigurationIsVisible = 0;
		};
		E40FF548198F2E4A00BB5B4D /* Build configuration list for PBXNativeTarget "UITableViewController Challenge SolutionTests" */ = {
			isa = XCConfigurationList;
			buildConfigurations = (
				E40FF549198F2E4A00BB5B4D /* Debug */,
				E40FF54A198F2E4A00BB5B4D /* Release */,
			);
			defaultConfigurationIsVisible = 0;
		};
/* End XCConfigurationList section */
	};
	rootObject = E40FF50B198F2E4A00BB5B4D /* Project object */;
}
